
Microsoft Visual Studio Solution File, Format Version 12.00
# Visual Studio Version 16
VisualStudioVersion = 16.0.30709.132
MinimumVisualStudioVersion = 10.0.40219.1
Project("{2150E333-8FDC-42A3-9474-1A3956D46DE8}") = "EntityFramework", "EntityFramework", "{72D863DF-361D-4736-B5DE-ED5EDAB85F1B}"
EndProject
Project("{9A19103F-16F7-4668-BE54-9A1E7A4F7556}") = "Newtomsoft.EntityFramework", "Newtomsoft.EntityFramework\Newtomsoft.EntityFramework.csproj", "{BAF1B35F-132B-4455-8418-13CE3DBFE021}"
EndProject
Project("{9A19103F-16F7-4668-BE54-9A1E7A4F7556}") = "Newtomsoft.EntityFramework.Tests", "Newtomsoft.EntityFramework.Tests\Newtomsoft.EntityFramework.Tests.csproj", "{AE3F89E8-3EC4-4829-AB47-91EE5A33E23B}"
EndProject
Project("{9A19103F-16F7-4668-BE54-9A1E7A4F7556}") = "Newtomsoft.Configuration", "Newtomsoft.Configuration\Newtomsoft.Configuration.csproj", "{7CB077EF-8ADC-4590-B112-BCE9A176F185}"
EndProject
Project("{2150E333-8FDC-42A3-9474-1A3956D46DE8}") = "Configuration", "Configuration", "{0CED0C30-E722-4521-B87D-3AFFFE8A090C}"
EndProject
Project("{2150E333-8FDC-42A3-9474-1A3956D46DE8}") = "Solution Items", "Solution Items", "{2C4244D5-7BF4-4564-8695-30040D75628D}"
	ProjectSection(SolutionItems) = preProject
		appsettings.Development.json = appsettings.Development.json
		appsettings.json = appsettings.json
		appsettings.Staging.json = appsettings.Staging.json
	EndProjectSection
EndProject
Global
	GlobalSection(SolutionConfigurationPlatforms) = preSolution
		Debug|Any CPU = Debug|Any CPU
		Release|Any CPU = Release|Any CPU
	EndGlobalSection
	GlobalSection(ProjectConfigurationPlatforms) = postSolution
		{BAF1B35F-132B-4455-8418-13CE3DBFE021}.Debug|Any CPU.ActiveCfg = Debug|Any CPU
		{BAF1B35F-132B-4455-8418-13CE3DBFE021}.Debug|Any CPU.Build.0 = Debug|Any CPU
		{BAF1B35F-132B-4455-8418-13CE3DBFE021}.Release|Any CPU.ActiveCfg = Release|Any CPU
		{BAF1B35F-132B-4455-8418-13CE3DBFE021}.Release|Any CPU.Build.0 = Release|Any CPU
		{AE3F89E8-3EC4-4829-AB47-91EE5A33E23B}.Debug|Any CPU.ActiveCfg = Debug|Any CPU
		{AE3F89E8-3EC4-4829-AB47-91EE5A33E23B}.Debug|Any CPU.Build.0 = Debug|Any CPU
		{AE3F89E8-3EC4-4829-AB47-91EE5A33E23B}.Release|Any CPU.ActiveCfg = Release|Any CPU
		{AE3F89E8-3EC4-4829-AB47-91EE5A33E23B}.Release|Any CPU.Build.0 = Release|Any CPU
		{7CB077EF-8ADC-4590-B112-BCE9A176F185}.Debug|Any CPU.ActiveCfg = Debug|Any CPU
		{7CB077EF-8ADC-4590-B112-BCE9A176F185}.Debug|Any CPU.Build.0 = Debug|Any CPU
		{7CB077EF-8ADC-4590-B112-BCE9A176F185}.Release|Any CPU.ActiveCfg = Release|Any CPU
		{7CB077EF-8ADC-4590-B112-BCE9A176F185}.Release|Any CPU.Build.0 = Release|Any CPU
	EndGlobalSection
	GlobalSection(SolutionProperties) = preSolution
		HideSolutionNode = FALSE
	EndGlobalSection
	GlobalSection(NestedProjects) = preSolution
		{BAF1B35F-132B-4455-8418-13CE3DBFE021} = {72D863DF-361D-4736-B5DE-ED5EDAB85F1B}
		{AE3F89E8-3EC4-4829-AB47-91EE5A33E23B} = {72D863DF-361D-4736-B5DE-ED5EDAB85F1B}
		{7CB077EF-8ADC-4590-B112-BCE9A176F185} = {0CED0C30-E722-4521-B87D-3AFFFE8A090C}
	EndGlobalSection
	GlobalSection(ExtensibilityGlobals) = postSolution
		SolutionGuid = {E9E005F3-3702-471B-B2B1-6B0C7A99A463}
	EndGlobalSection
EndGlobal
